// !$*UTF8*$!
{
	archiveVersion = 1;
	classes = {
	};
	objectVersion = 56;
	objects = {

/* Begin PBXBuildFile section */
		5037AEBA2997B00C00E38C55 /* AppDelegate.swift in Sources */ = {isa = PBXBuildFile; fileRef = 5037AEB92997B00C00E38C55 /* AppDelegate.swift */; };
		5037AEBC2997B00C00E38C55 /* SceneDelegate.swift in Sources */ = {isa = PBXBuildFile; fileRef = 5037AEBB2997B00C00E38C55 /* SceneDelegate.swift */; };
		5037AEBE2997B00C00E38C55 /* ViewController.swift in Sources */ = {isa = PBXBuildFile; fileRef = 5037AEBD2997B00C00E38C55 /* ViewController.swift */; };
		5037AEC12997B00C00E38C55 /* Main.storyboard in Resources */ = {isa = PBXBuildFile; fileRef = 5037AEBF2997B00C00E38C55 /* Main.storyboard */; };
		5037AEC42997B00C00E38C55 /* CoreDataDemo.xcdatamodeld in Sources */ = {isa = PBXBuildFile; fileRef = 5037AEC22997B00C00E38C55 /* CoreDataDemo.xcdatamodeld */; };
		5037AEC62997B00E00E38C55 /* Assets.xcassets in Resources */ = {isa = PBXBuildFile; fileRef = 5037AEC52997B00E00E38C55 /* Assets.xcassets */; };
		5037AEC92997B00E00E38C55 /* LaunchScreen.storyboard in Resources */ = {isa = PBXBuildFile; fileRef = 5037AEC72997B00E00E38C55 /* LaunchScreen.storyboard */; };
		5037AED42997B00E00E38C55 /* CoreDataDemoTests.swift in Sources */ = {isa = PBXBuildFile; fileRef = 5037AED32997B00E00E38C55 /* CoreDataDemoTests.swift */; };
		5037AEDE2997B00E00E38C55 /* CoreDataDemoUITests.swift in Sources */ = {isa = PBXBuildFile; fileRef = 5037AEDD2997B00E00E38C55 /* CoreDataDemoUITests.swift */; };
		5037AEE02997B00E00E38C55 /* CoreDataDemoUITestsLaunchTests.swift in Sources */ = {isa = PBXBuildFile; fileRef = 5037AEDF2997B00E00E38C55 /* CoreDataDemoUITestsLaunchTests.swift */; };
/* End PBXBuildFile section */

/* Begin PBXContainerItemProxy section */
		5037AED02997B00E00E38C55 /* PBXContainerItemProxy */ = {
			isa = PBXContainerItemProxy;
			containerPortal = 5037AEAE2997B00C00E38C55 /* Project object */;
			proxyType = 1;
			remoteGlobalIDString = 5037AEB52997B00C00E38C55;
			remoteInfo = CoreDataDemo;
		};
		5037AEDA2997B00E00E38C55 /* PBXContainerItemProxy */ = {
			isa = PBXContainerItemProxy;
			containerPortal = 5037AEAE2997B00C00E38C55 /* Project object */;
			proxyType = 1;
			remoteGlobalIDString = 5037AEB52997B00C00E38C55;
			remoteInfo = CoreDataDemo;
		};
/* End PBXContainerItemProxy section */

/* Begin PBXFileReference section */
		5037AEB62997B00C00E38C55 /* CoreDataDemo.app */ = {isa = PBXFileReference; explicitFileType = wrapper.application; includeInIndex = 0; path = CoreDataDemo.app; sourceTree = BUILT_PRODUCTS_DIR; };
		5037AEB92997B00C00E38C55 /* AppDelegate.swift */ = {isa = PBXFileReference; lastKnownFileType = sourcecode.swift; path = AppDelegate.swift; sourceTree = "<group>"; };
		5037AEBB2997B00C00E38C55 /* SceneDelegate.swift */ = {isa = PBXFileReference; lastKnownFileType = sourcecode.swift; path = SceneDelegate.swift; sourceTree = "<group>"; };
		5037AEBD2997B00C00E38C55 /* ViewController.swift */ = {isa = PBXFileReference; lastKnownFileType = sourcecode.swift; path = ViewController.swift; sourceTree = "<group>"; };
		5037AEC02997B00C00E38C55 /* Base */ = {isa = PBXFileReference; lastKnownFileType = file.storyboard; name = Base; path = Base.lproj/Main.storyboard; sourceTree = "<group>"; };
		5037AEC32997B00C00E38C55 /* CoreDataDemo.xcdatamodel */ = {isa = PBXFileReference; lastKnownFileType = wrapper.xcdatamodel; path = CoreDataDemo.xcdatamodel; sourceTree = "<group>"; };
		5037AEC52997B00E00E38C55 /* Assets.xcassets */ = {isa = PBXFileReference; lastKnownFileType = folder.assetcatalog; path = Assets.xcassets; sourceTree = "<group>"; };
		5037AEC82997B00E00E38C55 /* Base */ = {isa = PBXFileReference; lastKnownFileType = file.storyboard; name = Base; path = Base.lproj/LaunchScreen.storyboard; sourceTree = "<group>"; };
		5037AECA2997B00E00E38C55 /* Info.plist */ = {isa = PBXFileReference; lastKnownFileType = text.plist.xml; path = Info.plist; sourceTree = "<group>"; };
		5037AECF2997B00E00E38C55 /* CoreDataDemoTests.xctest */ = {isa = PBXFileReference; explicitFileType = wrapper.cfbundle; includeInIndex = 0; path = CoreDataDemoTests.xctest; sourceTree = BUILT_PRODUCTS_DIR; };
		5037AED32997B00E00E38C55 /* CoreDataDemoTests.swift */ = {isa = PBXFileReference; lastKnownFileType = sourcecode.swift; path = CoreDataDemoTests.swift; sourceTree = "<group>"; };
		5037AED92997B00E00E38C55 /* CoreDataDemoUITests.xctest */ = {isa = PBXFileReference; explicitFileType = wrapper.cfbundle; includeInIndex = 0; path = CoreDataDemoUITests.xctest; sourceTree = BUILT_PRODUCTS_DIR; };
		5037AEDD2997B00E00E38C55 /* CoreDataDemoUITests.swift */ = {isa = PBXFileReference; lastKnownFileType = sourcecode.swift; path = CoreDataDemoUITests.swift; sourceTree = "<group>"; };
		5037AEDF2997B00E00E38C55 /* CoreDataDemoUITestsLaunchTests.swift */ = {isa = PBXFileReference; lastKnownFileType = sourcecode.swift; path = CoreDataDemoUITestsLaunchTests.swift; sourceTree = "<group>"; };
/* End PBXFileReference section */

/* Begin PBXFrameworksBuildPhase section */
		5037AEB32997B00C00E38C55 /* Frameworks */ = {
			isa = PBXFrameworksBuildPhase;
			buildActionMask = 2147483647;
			files = (
			);
			runOnlyForDeploymentPostprocessing = 0;
		};
		5037AECC2997B00E00E38C55 /* Frameworks */ = {
			isa = PBXFrameworksBuildPhase;
			buildActionMask = 2147483647;
			files = (
			);
			runOnlyForDeploymentPostprocessing = 0;
		};
		5037AED62997B00E00E38C55 /* Frameworks */ = {
			isa = PBXFrameworksBuildPhase;
			buildActionMask = 2147483647;
			files = (
			);
			runOnlyForDeploymentPostprocessing = 0;
		};
/* End PBXFrameworksBuildPhase section */

/* Begin PBXGroup section */
		5037AEAD2997B00C00E38C55 = {
			isa = PBXGroup;
			children = (
				5037AEB82997B00C00E38C55 /* CoreDataDemo */,
				5037AED22997B00E00E38C55 /* CoreDataDemoTests */,
				5037AEDC2997B00E00E38C55 /* CoreDataDemoUITests */,
				5037AEB72997B00C00E38C55 /* Products */,
			);
			sourceTree = "<group>";
		};
		5037AEB72997B00C00E38C55 /* Products */ = {
			isa = PBXGroup;
			children = (
				5037AEB62997B00C00E38C55 /* CoreDataDemo.app */,
				5037AECF2997B00E00E38C55 /* CoreDataDemoTests.xctest */,
				5037AED92997B00E00E38C55 /* CoreDataDemoUITests.xctest */,
			);
			name = Products;
			sourceTree = "<group>";
		};
		5037AEB82997B00C00E38C55 /* CoreDataDemo */ = {
			isa = PBXGroup;
			children = (
				5037AEB92997B00C00E38C55 /* AppDelegate.swift */,
				5037AEBB2997B00C00E38C55 /* SceneDelegate.swift */,
				5037AEBD2997B00C00E38C55 /* ViewController.swift */,
				5037AEBF2997B00C00E38C55 /* Main.storyboard */,
				5037AEC52997B00E00E38C55 /* Assets.xcassets */,
				5037AEC72997B00E00E38C55 /* LaunchScreen.storyboard */,
				5037AECA2997B00E00E38C55 /* Info.plist */,
				5037AEC22997B00C00E38C55 /* CoreDataDemo.xcdatamodeld */,
			);
			path = CoreDataDemo;
			sourceTree = "<group>";
		};
		5037AED22997B00E00E38C55 /* CoreDataDemoTests */ = {
			isa = PBXGroup;
			children = (
				5037AED32997B00E00E38C55 /* CoreDataDemoTests.swift */,
			);
			path = CoreDataDemoTests;
			sourceTree = "<group>";
		};
		5037AEDC2997B00E00E38C55 /* CoreDataDemoUITests */ = {
			isa = PBXGroup;
			children = (
				5037AEDD2997B00E00E38C55 /* CoreDataDemoUITests.swift */,
				5037AEDF2997B00E00E38C55 /* CoreDataDemoUITestsLaunchTests.swift */,
			);
			path = CoreDataDemoUITests;
			sourceTree = "<group>";
		};
/* End PBXGroup section */

/* Begin PBXNativeTarget section */
		5037AEB52997B00C00E38C55 /* CoreDataDemo */ = {
			isa = PBXNativeTarget;
			buildConfigurationList = 5037AEE32997B00E00E38C55 /* Build configuration list for PBXNativeTarget "CoreDataDemo" */;
			buildPhases = (
				5037AEB22997B00C00E38C55 /* Sources */,
				5037AEB32997B00C00E38C55 /* Frameworks */,
				5037AEB42997B00C00E38C55 /* Resources */,
			);
			buildRules = (
			);
			dependencies = (
			);
			name = CoreDataDemo;
			productName = CoreDataDemo;
			productReference = 5037AEB62997B00C00E38C55 /* CoreDataDemo.app */;
			productType = "com.apple.product-type.application";
		};
		5037AECE2997B00E00E38C55 /* CoreDataDemoTests */ = {
			isa = PBXNativeTarget;
			buildConfigurationList = 5037AEE62997B00E00E38C55 /* Build configuration list for PBXNativeTarget "CoreDataDemoTests" */;
			buildPhases = (
				5037AECB2997B00E00E38C55 /* Sources */,
				5037AECC2997B00E00E38C55 /* Frameworks */,
				5037AECD2997B00E00E38C55 /* Resources */,
			);
			buildRules = (
			);
			dependencies = (
				5037AED12997B00E00E38C55 /* PBXTargetDependency */,
			);
			name = CoreDataDemoTests;
			productName = CoreDataDemoTests;
			productReference = 5037AECF2997B00E00E38C55 /* CoreDataDemoTests.xctest */;
			productType = "com.apple.product-type.bundle.unit-test";
		};
		5037AED82997B00E00E38C55 /* CoreDataDemoUITests */ = {
			isa = PBXNativeTarget;
			buildConfigurationList = 5037AEE92997B00E00E38C55 /* Build configuration list for PBXNativeTarget "CoreDataDemoUITests" */;
			buildPhases = (
				5037AED52997B00E00E38C55 /* Sources */,
				5037AED62997B00E00E38C55 /* Frameworks */,
				5037AED72997B00E00E38C55 /* Resources */,
			);
			buildRules = (
			);
			dependencies = (
				5037AEDB2997B00E00E38C55 /* PBXTargetDependency */,
			);
			name = CoreDataDemoUITests;
			productName = CoreDataDemoUITests;
			productReference = 5037AED92997B00E00E38C55 /* CoreDataDemoUITests.xctest */;
			productType = "com.apple.product-type.bundle.ui-testing";
		};
/* End PBXNativeTarget section */

/* Begin PBXProject section */
		5037AEAE2997B00C00E38C55 /* Project object */ = {
			isa = PBXProject;
			attributes = {
				BuildIndependentTargetsInParallel = 1;
				LastSwiftUpdateCheck = 1420;
				LastUpgradeCheck = 1420;
				TargetAttributes = {
					5037AEB52997B00C00E38C55 = {
						CreatedOnToolsVersion = 14.2;
					};
					5037AECE2997B00E00E38C55 = {
						CreatedOnToolsVersion = 14.2;
						TestTargetID = 5037AEB52997B00C00E38C55;
					};
					5037AED82997B00E00E38C55 = {
						CreatedOnToolsVersion = 14.2;
						TestTargetID = 5037AEB52997B00C00E38C55;
					};
				};
			};
			buildConfigurationList = 5037AEB12997B00C00E38C55 /* Build configuration list for PBXProject "CoreDataDemo" */;
			compatibilityVersion = "Xcode 14.0";
			developmentRegion = en;
			hasScannedForEncodings = 0;
			knownRegions = (
				en,
				Base,
			);
			mainGroup = 5037AEAD2997B00C00E38C55;
			productRefGroup = 5037AEB72997B00C00E38C55 /* Products */;
			projectDirPath = "";
			projectRoot = "";
			targets = (
				5037AEB52997B00C00E38C55 /* CoreDataDemo */,
				5037AECE2997B00E00E38C55 /* CoreDataDemoTests */,
				5037AED82997B00E00E38C55 /* CoreDataDemoUITests */,
			);
		};
/* End PBXProject section */

/* Begin PBXResourcesBuildPhase section */
		5037AEB42997B00C00E38C55 /* Resources */ = {
			isa = PBXResourcesBuildPhase;
			buildActionMask = 2147483647;
			files = (
				5037AEC92997B00E00E38C55 /* LaunchScreen.storyboard in Resources */,
				5037AEC62997B00E00E38C55 /* Assets.xcassets in Resources */,
				5037AEC12997B00C00E38C55 /* Main.storyboard in Resources */,
			);
			runOnlyForDeploymentPostprocessing = 0;
		};
		5037AECD2997B00E00E38C55 /* Resources */ = {
			isa = PBXResourcesBuildPhase;
			buildActionMask = 2147483647;
			files = (
			);
			runOnlyForDeploymentPostprocessing = 0;
		};
		5037AED72997B00E00E38C55 /* Resources */ = {
			isa = PBXResourcesBuildPhase;
			buildActionMask = 2147483647;
			files = (
			);
			runOnlyForDeploymentPostprocessing = 0;
		};
/* End PBXResourcesBuildPhase section */

/* Begin PBXSourcesBuildPhase section */
		5037AEB22997B00C00E38C55 /* Sources */ = {
			isa = PBXSourcesBuildPhase;
			buildActionMask = 2147483647;
			files = (
				5037AEBE2997B00C00E38C55 /* ViewController.swift in Sources */,
				5037AEC42997B00C00E38C55 /* CoreDataDemo.xcdatamodeld in Sources */,
				5037AEBA2997B00C00E38C55 /* AppDelegate.swift in Sources */,
				5037AEBC2997B00C00E38C55 /* SceneDelegate.swift in Sources */,
			);
			runOnlyForDeploymentPostprocessing = 0;
		};
		5037AECB2997B00E00E38C55 /* Sources */ = {
			isa = PBXSourcesBuildPhase;
			buildActionMask = 2147483647;
			files = (
				5037AED42997B00E00E38C55 /* CoreDataDemoTests.swift in Sources */,
			);
			runOnlyForDeploymentPostprocessing = 0;
		};
		5037AED52997B00E00E38C55 /* Sources */ = {
			isa = PBXSourcesBuildPhase;
			buildActionMask = 2147483647;
			files = (
				5037AEE02997B00E00E38C55 /* CoreDataDemoUITestsLaunchTests.swift in Sources */,
				5037AEDE2997B00E00E38C55 /* CoreDataDemoUITests.swift in Sources */,
			);
			runOnlyForDeploymentPostprocessing = 0;
		};
/* End PBXSourcesBuildPhase section */

/* Begin PBXTargetDependency section */
		5037AED12997B00E00E38C55 /* PBXTargetDependency */ = {
			isa = PBXTargetDependency;
			target = 5037AEB52997B00C00E38C55 /* CoreDataDemo */;
			targetProxy = 5037AED02997B00E00E38C55 /* PBXContainerItemProxy */;
		};
		5037AEDB2997B00E00E38C55 /* PBXTargetDependency */ = {
			isa = PBXTargetDependency;
			target = 5037AEB52997B00C00E38C55 /* CoreDataDemo */;
			targetProxy = 5037AEDA2997B00E00E38C55 /* PBXContainerItemProxy */;
		};
/* End PBXTargetDependency section */

/* Begin PBXVariantGroup section */
		5037AEBF2997B00C00E38C55 /* Main.storyboard */ = {
			isa = PBXVariantGroup;
			children = (
				5037AEC02997B00C00E38C55 /* Base */,
			);
			name = Main.storyboard;
			sourceTree = "<group>";
		};
		5037AEC72997B00E00E38C55 /* LaunchScreen.storyboard */ = {
			isa = PBXVariantGroup;
			children = (
				5037AEC82997B00E00E38C55 /* Base */,
			);
			name = LaunchScreen.storyboard;
			sourceTree = "<group>";
		};
/* End PBXVariantGroup section */

/* Begin XCBuildConfiguration section */
		5037AEE12997B00E00E38C55 /* Debug */ = {
			isa = XCBuildConfiguration;
			buildSettings = {
				ALWAYS_SEARCH_USER_PATHS = NO;
				CLANG_ANALYZER_NONNULL = YES;
				CLANG_ANALYZER_NUMBER_OBJECT_CONVERSION = YES_AGGRESSIVE;
				CLANG_CXX_LANGUAGE_STANDARD = "gnu++20";
				CLANG_ENABLE_MODULES = YES;
				CLANG_ENABLE_OBJC_ARC = YES;
				CLANG_ENABLE_OBJC_WEAK = YES;
				CLANG_WARN_BLOCK_CAPTURE_AUTORELEASING = YES;
				CLANG_WARN_BOOL_CONVERSION = YES;
				CLANG_WARN_COMMA = YES;
				CLANG_WARN_CONSTANT_CONVERSION = YES;
				CLANG_WARN_DEPRECATED_OBJC_IMPLEMENTATIONS = YES;
				CLANG_WARN_DIRECT_OBJC_ISA_USAGE = YES_ERROR;
				CLANG_WARN_DOCUMENTATION_COMMENTS = YES;
				CLANG_WARN_EMPTY_BODY = YES;
				CLANG_WARN_ENUM_CONVERSION = YES;
				CLANG_WARN_INFINITE_RECURSION = YES;
				CLANG_WARN_INT_CONVERSION = YES;
				CLANG_WARN_NON_LITERAL_NULL_CONVERSION = YES;
				CLANG_WARN_OBJC_IMPLICIT_RETAIN_SELF = YES;
				CLANG_WARN_OBJC_LITERAL_CONVERSION = YES;
				CLANG_WARN_OBJC_ROOT_CLASS = YES_ERROR;
				CLANG_WARN_QUOTED_INCLUDE_IN_FRAMEWORK_HEADER = YES;
				CLANG_WARN_RANGE_LOOP_ANALYSIS = YES;
				CLANG_WARN_STRICT_PROTOTYPES = YES;
				CLANG_WARN_SUSPICIOUS_MOVE = YES;
				CLANG_WARN_UNGUARDED_AVAILABILITY = YES_AGGRESSIVE;
				CLANG_WARN_UNREACHABLE_CODE = YES;
				CLANG_WARN__DUPLICATE_METHOD_MATCH = YES;
				COPY_PHASE_STRIP = NO;
				DEBUG_INFORMATION_FORMAT = dwarf;
				ENABLE_STRICT_OBJC_MSGSEND = YES;
				ENABLE_TESTABILITY = YES;
				GCC_C_LANGUAGE_STANDARD = gnu11;
				GCC_DYNAMIC_NO_PIC = NO;
				GCC_NO_COMMON_BLOCKS = YES;
				GCC_OPTIMIZATION_LEVEL = 0;
				GCC_PREPROCESSOR_DEFINITIONS = (
					"DEBUG=1",
					"$(inherited)",
				);
				GCC_WARN_64_TO_32_BIT_CONVERSION = YES;
				GCC_WARN_ABOUT_RETURN_TYPE = YES_ERROR;
				GCC_WARN_UNDECLARED_SELECTOR = YES;
				GCC_WARN_UNINITIALIZED_AUTOS = YES_AGGRESSIVE;
				GCC_WARN_UNUSED_FUNCTION = YES;
				GCC_WARN_UNUSED_VARIABLE = YES;
				IPHONEOS_DEPLOYMENT_TARGET = 16.2;
				MTL_ENABLE_DEBUG_INFO = INCLUDE_SOURCE;
				MTL_FAST_MATH = YES;
				ONLY_ACTIVE_ARCH = YES;
				SDKROOT = iphoneos;
				SWIFT_ACTIVE_COMPILATION_CONDITIONS = DEBUG;
				SWIFT_OPTIMIZATION_LEVEL = "-Onone";
			};
			name = Debug;
		};
		5037AEE22997B00E00E38C55 /* Release */ = {
			isa = XCBuildConfiguration;
			buildSettings = {
				ALWAYS_SEARCH_USER_PATHS = NO;
				CLANG_ANALYZER_NONNULL = YES;
				CLANG_ANALYZER_NUMBER_OBJECT_CONVERSION = YES_AGGRESSIVE;
				CLANG_CXX_LANGUAGE_STANDARD = "gnu++20";
				CLANG_ENABLE_MODULES = YES;
				CLANG_ENABLE_OBJC_ARC = YES;
				CLANG_ENABLE_OBJC_WEAK = YES;
				CLANG_WARN_BLOCK_CAPTURE_AUTORELEASING = YES;
				CLANG_WARN_BOOL_CONVERSION = YES;
				CLANG_WARN_COMMA = YES;
				CLANG_WARN_CONSTANT_CONVERSION = YES;
				CLANG_WARN_DEPRECATED_OBJC_IMPLEMENTATIONS = YES;
				CLANG_WARN_DIRECT_OBJC_ISA_USAGE = YES_ERROR;
				CLANG_WARN_DOCUMENTATION_COMMENTS = YES;
				CLANG_WARN_EMPTY_BODY = YES;
				CLANG_WARN_ENUM_CONVERSION = YES;
				CLANG_WARN_INFINITE_RECURSION = YES;
				CLANG_WARN_INT_CONVERSION = YES;
				CLANG_WARN_NON_LITERAL_NULL_CONVERSION = YES;
				CLANG_WARN_OBJC_IMPLICIT_RETAIN_SELF = YES;
				CLANG_WARN_OBJC_LITERAL_CONVERSION = YES;
				CLANG_WARN_OBJC_ROOT_CLASS = YES_ERROR;
				CLANG_WARN_QUOTED_INCLUDE_IN_FRAMEWORK_HEADER = YES;
				CLANG_WARN_RANGE_LOOP_ANALYSIS = YES;
				CLANG_WARN_STRICT_PROTOTYPES = YES;
				CLANG_WARN_SUSPICIOUS_MOVE = YES;
				CLANG_WARN_UNGUARDED_AVAILABILITY = YES_AGGRESSIVE;
				CLANG_WARN_UNREACHABLE_CODE = YES;
				CLANG_WARN__DUPLICATE_METHOD_MATCH = YES;
				COPY_PHASE_STRIP = NO;
				DEBUG_INFORMATION_FORMAT = "dwarf-with-dsym";
				ENABLE_NS_ASSERTIONS = NO;
				ENABLE_STRICT_OBJC_MSGSEND = YES;
				GCC_C_LANGUAGE_STANDARD = gnu11;
				GCC_NO_COMMON_BLOCKS = YES;
				GCC_WARN_64_TO_32_BIT_CONVERSION = YES;
				GCC_WARN_ABOUT_RETURN_TYPE = YES_ERROR;
				GCC_WARN_UNDECLARED_SELECTOR = YES;
				GCC_WARN_UNINITIALIZED_AUTOS = YES_AGGRESSIVE;
				GCC_WARN_UNUSED_FUNCTION = YES;
				GCC_WARN_UNUSED_VARIABLE = YES;
				IPHONEOS_DEPLOYMENT_TARGET = 16.2;
				MTL_ENABLE_DEBUG_INFO = NO;
				MTL_FAST_MATH = YES;
				SDKROOT = iphoneos;
				SWIFT_COMPILATION_MODE = wholemodule;
				SWIFT_OPTIMIZATION_LEVEL = "-O";
				VALIDATE_PRODUCT = YES;
			};
			name = Release;
		};
		5037AEE42997B00E00E38C55 /* Debug */ = {
			isa = XCBuildConfiguration;
			buildSettings = {
				ASSETCATALOG_COMPILER_APPICON_NAME = AppIcon;
				ASSETCATALOG_COMPILER_GLOBAL_ACCENT_COLOR_NAME = AccentColor;
				CODE_SIGN_STYLE = Automatic;
				CURRENT_PROJECT_VERSION = 1;
				GENERATE_INFOPLIST_FILE = YES;
				INFOPLIST_FILE = CoreDataDemo/Info.plist;
				INFOPLIST_KEY_UIApplicationSupportsIndirectInputEvents = YES;
				INFOPLIST_KEY_UILaunchStoryboardName = LaunchScreen;
				INFOPLIST_KEY_UIMainStoryboardFile = Main;
				INFOPLIST_KEY_UISupportedInterfaceOrientations_iPad = "UIInterfaceOrientationPortrait UIInterfaceOrientationPortraitUpsideDown UIInterfaceOrientationLandscapeLeft UIInterfaceOrientationLandscapeRight";
				INFOPLIST_KEY_UISupportedInterfaceOrientations_iPhone = "UIInterfaceOrientationPortrait UIInterfaceOrientationLandscapeLeft UIInterfaceOrientationLandscapeRight";
				LD_RUNPATH_SEARCH_PATHS = (
					"$(inherited)",
					"@executable_path/Frameworks",
				);
				MARKETING_VERSION = 1.0;
				PRODUCT_BUNDLE_IDENTIFIER = kaushik.CoreDataDemo;
				PRODUCT_NAME = "$(TARGET_NAME)";
				SWIFT_EMIT_LOC_STRINGS = YES;
				SWIFT_VERSION = 5.0;
				TARGETED_DEVICE_FAMILY = "1,2";
			};
			name = Debug;
		};
		5037AEE52997B00E00E38C55 /* Release */ = {
			isa = XCBuildConfiguration;
			buildSettings = {
				ASSETCATALOG_COMPILER_APPICON_NAME = AppIcon;
				ASSETCATALOG_COMPILER_GLOBAL_ACCENT_COLOR_NAME = AccentColor;
				CODE_SIGN_STYLE = Automatic;
				CURRENT_PROJECT_VERSION = 1;
				GENERATE_INFOPLIST_FILE = YES;
				INFOPLIST_FILE = CoreDataDemo/Info.plist;
				INFOPLIST_KEY_UIApplicationSupportsIndirectInputEvents = YES;
				INFOPLIST_KEY_UILaunchStoryboardName = LaunchScreen;
				INFOPLIST_KEY_UIMainStoryboardFile = Main;
				INFOPLIST_KEY_UISupportedInterfaceOrientations_iPad = "UIInterfaceOrientationPortrait UIInterfaceOrientationPortraitUpsideDown UIInterfaceOrientationLandscapeLeft UIInterfaceOrientationLandscapeRight";
				INFOPLIST_KEY_UISupportedInterfaceOrientations_iPhone = "UIInterfaceOrientationPortrait UIInterfaceOrientationLandscapeLeft UIInterfaceOrientationLandscapeRight";
				LD_RUNPATH_SEARCH_PATHS = (
					"$(inherited)",
					"@executable_path/Frameworks",
				);
				MARKETING_VERSION = 1.0;
				PRODUCT_BUNDLE_IDENTIFIER = kaushik.CoreDataDemo;
				PRODUCT_NAME = "$(TARGET_NAME)";
				SWIFT_EMIT_LOC_STRINGS = YES;
				SWIFT_VERSION = 5.0;
				TARGETED_DEVICE_FAMILY = "1,2";
			};
			name = Release;
		};
		5037AEE72997B00E00E38C55 /* Debug */ = {
			isa = XCBuildConfiguration;
			buildSettings = {
				ALWAYS_EMBED_SWIFT_STANDARD_LIBRARIES = YES;
				BUNDLE_LOADER = "$(TEST_HOST)";
				CODE_SIGN_STYLE = Automatic;
				CURRENT_PROJECT_VERSION = 1;
				GENERATE_INFOPLIST_FILE = YES;
				IPHONEOS_DEPLOYMENT_TARGET = 16.2;
				MARKETING_VERSION = 1.0;
				PRODUCT_BUNDLE_IDENTIFIER = kaushik.CoreDataDemoTests;
				PRODUCT_NAME = "$(TARGET_NAME)";
				SWIFT_EMIT_LOC_STRINGS = NO;
				SWIFT_VERSION = 5.0;
				TARGETED_DEVICE_FAMILY = "1,2";
				TEST_HOST = "$(BUILT_PRODUCTS_DIR)/CoreDataDemo.app/$(BUNDLE_EXECUTABLE_FOLDER_PATH)/CoreDataDemo";
			};
			name = Debug;
		};
		5037AEE82997B00E00E38C55 /* Release */ = {
			isa = XCBuildConfiguration;
			buildSettings = {
				ALWAYS_EMBED_SWIFT_STANDARD_LIBRARIES = YES;
				BUNDLE_LOADER = "$(TEST_HOST)";
				CODE_SIGN_STYLE = Automatic;
				CURRENT_PROJECT_VERSION = 1;
				GENERATE_INFOPLIST_FILE = YES;
				IPHONEOS_DEPLOYMENT_TARGET = 16.2;
				MARKETING_VERSION = 1.0;
				PRODUCT_BUNDLE_IDENTIFIER = kaushik.CoreDataDemoTests;
				PRODUCT_NAME = "$(TARGET_NAME)";
				SWIFT_EMIT_LOC_STRINGS = NO;
				SWIFT_VERSION = 5.0;
				TARGETED_DEVICE_FAMILY = "1,2";
				TEST_HOST = "$(BUILT_PRODUCTS_DIR)/CoreDataDemo.app/$(BUNDLE_EXECUTABLE_FOLDER_PATH)/CoreDataDemo";
			};
			name = Release;
		};
		5037AEEA2997B00E00E38C55 /* Debug */ = {
			isa = XCBuildConfiguration;
			buildSettings = {
				ALWAYS_EMBED_SWIFT_STANDARD_LIBRARIES = YES;
				CODE_SIGN_STYLE = Automatic;
				CURRENT_PROJECT_VERSION = 1;
				GENERATE_INFOPLIST_FILE = YES;
				MARKETING_VERSION = 1.0;
				PRODUCT_BUNDLE_IDENTIFIER = kaushik.CoreDataDemoUITests;
				PRODUCT_NAME = "$(TARGET_NAME)";
				SWIFT_EMIT_LOC_STRINGS = NO;
				SWIFT_VERSION = 5.0;
				TARGETED_DEVICE_FAMILY = "1,2";
				TEST_TARGET_NAME = CoreDataDemo;
			};
			name = Debug;
		};
		5037AEEB2997B00E00E38C55 /* Release */ = {
			isa = XCBuildConfiguration;
			buildSettings = {
				ALWAYS_EMBED_SWIFT_STANDARD_LIBRARIES = YES;
				CODE_SIGN_STYLE = Automatic;
				CURRENT_PROJECT_VERSION = 1;
				GENERATE_INFOPLIST_FILE = YES;
				MARKETING_VERSION = 1.0;
				PRODUCT_BUNDLE_IDENTIFIER = kaushik.CoreDataDemoUITests;
				PRODUCT_NAME = "$(TARGET_NAME)";
				SWIFT_EMIT_LOC_STRINGS = NO;
				SWIFT_VERSION = 5.0;
				TARGETED_DEVICE_FAMILY = "1,2";
				TEST_TARGET_NAME = CoreDataDemo;
			};
			name = Release;
		};
/* End XCBuildConfiguration section */

/* Begin XCConfigurationList section */
		5037AEB12997B00C00E38C55 /* Build configuration list for PBXProject "CoreDataDemo" */ = {
			isa = XCConfigurationList;
			buildConfigurations = (
				5037AEE12997B00E00E38C55 /* Debug */,
				5037AEE22997B00E00E38C55 /* Release */,
			);
			defaultConfigurationIsVisible = 0;
			defaultConfigurationName = Release;
		};
		5037AEE32997B00E00E38C55 /* Build configuration list for PBXNativeTarget "CoreDataDemo" */ = {
			isa = XCConfigurationList;
			buildConfigurations = (
				5037AEE42997B00E00E38C55 /* Debug */,
				5037AEE52997B00E00E38C55 /* Release */,
			);
			defaultConfigurationIsVisible = 0;
			defaultConfigurationName = Release;
		};
		5037AEE62997B00E00E38C55 /* Build configuration list for PBXNativeTarget "CoreDataDemoTests" */ = {
			isa = XCConfigurationList;
			buildConfigurations = (
				5037AEE72997B00E00E38C55 /* Debug */,
				5037AEE82997B00E00E38C55 /* Release */,
			);
			defaultConfigurationIsVisible = 0;
			defaultConfigurationName = Release;
		};
		5037AEE92997B00E00E38C55 /* Build configuration list for PBXNativeTarget "CoreDataDemoUITests" */ = {
			isa = XCConfigurationList;
			buildConfigurations = (
				5037AEEA2997B00E00E38C55 /* Debug */,
				5037AEEB2997B00E00E38C55 /* Release */,
			);
			defaultConfigurationIsVisible = 0;
			defaultConfigurationName = Release;
		};
/* End XCConfigurationList section */

/* Begin XCVersionGroup section */
		5037AEC22997B00C00E38C55 /* CoreDataDemo.xcdatamodeld */ = {
			isa = XCVersionGroup;
			children = (
				5037AEC32997B00C00E38C55 /* CoreDataDemo.xcdatamodel */,
			);
			currentVersion = 5037AEC32997B00C00E38C55 /* CoreDataDemo.xcdatamodel */;
			path = CoreDataDemo.xcdatamodeld;
			sourceTree = "<group>";
			versionGroupType = wrapper.xcdatamodel;
		};
/* End XCVersionGroup section */
	};
	rootObject = 5037AEAE2997B00C00E38C55 /* Project object */;
}
